// !$*UTF8*$!
{
	archiveVersion = 1;
	classes = {
	};
	objectVersion = 55;
	objects = {

/* Begin PBXBuildFile section */
		15DD56F54CBCA9FB6EFECEF4 /* Pods_ExampleUI.framework in Frameworks */ = {isa = PBXBuildFile; fileRef = BFDD76D6B7EDC05DEFB9295C /* Pods_ExampleUI.framework */; };
		B66955C827D7019D004545E1 /* MainRealm.swift in Sources */ = {isa = PBXBuildFile; fileRef = B66955C727D7019D004545E1 /* MainRealm.swift */; };
		B686C7F327C7387B00ECE445 /* Components.framework in Frameworks */ = {isa = PBXBuildFile; fileRef = B686C7F227C7387B00ECE445 /* Components.framework */; };
		B686C7F427C7387B00ECE445 /* Components.framework in Embed Frameworks */ = {isa = PBXBuildFile; fileRef = B686C7F227C7387B00ECE445 /* Components.framework */; settings = {ATTRIBUTES = (CodeSignOnCopy, RemoveHeadersOnCopy, ); }; };
		B6ADAA4927D9A6E8005B866C /* Closures.swift in Sources */ = {isa = PBXBuildFile; fileRef = B6ADAA4827D9A6E8005B866C /* Closures.swift */; };
		B6ADAA4B27D9ACAE005B866C /* NotificationCenter.swift in Sources */ = {isa = PBXBuildFile; fileRef = B6ADAA4A27D9ACAE005B866C /* NotificationCenter.swift */; };
		B6D88BDC27BDF9EC00B9C984 /* AppDelegate.swift in Sources */ = {isa = PBXBuildFile; fileRef = B6D88BDB27BDF9EC00B9C984 /* AppDelegate.swift */; };
		B6D88BE527BDF9ED00B9C984 /* Assets.xcassets in Resources */ = {isa = PBXBuildFile; fileRef = B6D88BE427BDF9ED00B9C984 /* Assets.xcassets */; };
		B6D88BE827BDF9ED00B9C984 /* LaunchScreen.storyboard in Resources */ = {isa = PBXBuildFile; fileRef = B6D88BE627BDF9ED00B9C984 /* LaunchScreen.storyboard */; };
		B6D88BF327BDF9ED00B9C984 /* ExampleUITests.swift in Sources */ = {isa = PBXBuildFile; fileRef = B6D88BF227BDF9ED00B9C984 /* ExampleUITests.swift */; };
		B6D88BFD27BDF9ED00B9C984 /* ExampleUIUITests.swift in Sources */ = {isa = PBXBuildFile; fileRef = B6D88BFC27BDF9ED00B9C984 /* ExampleUIUITests.swift */; };
		B6D88BFF27BDF9ED00B9C984 /* ExampleUIUITestsLaunchTests.swift in Sources */ = {isa = PBXBuildFile; fileRef = B6D88BFE27BDF9ED00B9C984 /* ExampleUIUITestsLaunchTests.swift */; };
		B6D88C0E27BDFC0E00B9C984 /* InitialViewController.swift in Sources */ = {isa = PBXBuildFile; fileRef = B6D88C0C27BDFC0E00B9C984 /* InitialViewController.swift */; };
		B6D88C0F27BDFC0E00B9C984 /* InitialViewController.xib in Resources */ = {isa = PBXBuildFile; fileRef = B6D88C0D27BDFC0E00B9C984 /* InitialViewController.xib */; };
		B6D88C1227BDFE3B00B9C984 /* ViewWithCodeViewController.swift in Sources */ = {isa = PBXBuildFile; fileRef = B6D88C1127BDFE3B00B9C984 /* ViewWithCodeViewController.swift */; };
		B6F6A64327C4909800FCFCDB /* CollectionViewController.swift in Sources */ = {isa = PBXBuildFile; fileRef = B6F6A64127C4909800FCFCDB /* CollectionViewController.swift */; };
		B6F6A64427C4909800FCFCDB /* CollectionViewController.xib in Resources */ = {isa = PBXBuildFile; fileRef = B6F6A64227C4909800FCFCDB /* CollectionViewController.xib */; };
		B6F6A64627C4941800FCFCDB /* CollectionViewDataSource.swift in Sources */ = {isa = PBXBuildFile; fileRef = B6F6A64527C4941800FCFCDB /* CollectionViewDataSource.swift */; };
		B6F6A64A27C495A000FCFCDB /* TitleCollectionViewCell.swift in Sources */ = {isa = PBXBuildFile; fileRef = B6F6A64827C495A000FCFCDB /* TitleCollectionViewCell.swift */; };
		B6F6A64B27C495A000FCFCDB /* TitleCollectionViewCell.xib in Resources */ = {isa = PBXBuildFile; fileRef = B6F6A64927C495A000FCFCDB /* TitleCollectionViewCell.xib */; };
		B6FCA27C27D06F9C00AC9C5D /* UserDefaults.swift in Sources */ = {isa = PBXBuildFile; fileRef = B6FCA27B27D06F9C00AC9C5D /* UserDefaults.swift */; };
		B6FCA28027D0762C00AC9C5D /* User.xcdatamodeld in Sources */ = {isa = PBXBuildFile; fileRef = B6FCA27E27D0762C00AC9C5D /* User.xcdatamodeld */; };
		B6FCA28227D0772300AC9C5D /* CoreData.swift in Sources */ = {isa = PBXBuildFile; fileRef = B6FCA28127D0772300AC9C5D /* CoreData.swift */; };
/* End PBXBuildFile section */

/* Begin PBXContainerItemProxy section */
		B6D88BEF27BDF9ED00B9C984 /* PBXContainerItemProxy */ = {
			isa = PBXContainerItemProxy;
			containerPortal = B6D88BD027BDF9EC00B9C984 /* Project object */;
			proxyType = 1;
			remoteGlobalIDString = B6D88BD727BDF9EC00B9C984;
			remoteInfo = ExampleUI;
		};
		B6D88BF927BDF9ED00B9C984 /* PBXContainerItemProxy */ = {
			isa = PBXContainerItemProxy;
			containerPortal = B6D88BD027BDF9EC00B9C984 /* Project object */;
			proxyType = 1;
			remoteGlobalIDString = B6D88BD727BDF9EC00B9C984;
			remoteInfo = ExampleUI;
		};
/* End PBXContainerItemProxy section */

/* Begin PBXCopyFilesBuildPhase section */
		B686C7F527C7387B00ECE445 /* Embed Frameworks */ = {
			isa = PBXCopyFilesBuildPhase;
			buildActionMask = 2147483647;
			dstPath = "";
			dstSubfolderSpec = 10;
			files = (
				B686C7F427C7387B00ECE445 /* Components.framework in Embed Frameworks */,
			);
			name = "Embed Frameworks";
			runOnlyForDeploymentPostprocessing = 0;
		};
/* End PBXCopyFilesBuildPhase section */

/* Begin PBXFileReference section */
		615D01198EEA812032D0DDB9 /* Pods-ExampleUI.release.xcconfig */ = {isa = PBXFileReference; includeInIndex = 1; lastKnownFileType = text.xcconfig; name = "Pods-ExampleUI.release.xcconfig"; path = "Target Support Files/Pods-ExampleUI/Pods-ExampleUI.release.xcconfig"; sourceTree = "<group>"; };
		B66955C727D7019D004545E1 /* MainRealm.swift */ = {isa = PBXFileReference; lastKnownFileType = sourcecode.swift; path = MainRealm.swift; sourceTree = "<group>"; };
		B686C7F227C7387B00ECE445 /* Components.framework */ = {isa = PBXFileReference; explicitFileType = wrapper.framework; path = Components.framework; sourceTree = BUILT_PRODUCTS_DIR; };
		B6ADAA4827D9A6E8005B866C /* Closures.swift */ = {isa = PBXFileReference; lastKnownFileType = sourcecode.swift; path = Closures.swift; sourceTree = "<group>"; };
		B6ADAA4A27D9ACAE005B866C /* NotificationCenter.swift */ = {isa = PBXFileReference; lastKnownFileType = sourcecode.swift; path = NotificationCenter.swift; sourceTree = "<group>"; };
		B6D88BD827BDF9EC00B9C984 /* ExampleUI.app */ = {isa = PBXFileReference; explicitFileType = wrapper.application; includeInIndex = 0; path = ExampleUI.app; sourceTree = BUILT_PRODUCTS_DIR; };
		B6D88BDB27BDF9EC00B9C984 /* AppDelegate.swift */ = {isa = PBXFileReference; lastKnownFileType = sourcecode.swift; path = AppDelegate.swift; sourceTree = "<group>"; };
		B6D88BE427BDF9ED00B9C984 /* Assets.xcassets */ = {isa = PBXFileReference; lastKnownFileType = folder.assetcatalog; path = Assets.xcassets; sourceTree = "<group>"; };
		B6D88BE727BDF9ED00B9C984 /* Base */ = {isa = PBXFileReference; lastKnownFileType = file.storyboard; name = Base; path = Base.lproj/LaunchScreen.storyboard; sourceTree = "<group>"; };
		B6D88BE927BDF9ED00B9C984 /* Info.plist */ = {isa = PBXFileReference; lastKnownFileType = text.plist.xml; path = Info.plist; sourceTree = "<group>"; };
		B6D88BEE27BDF9ED00B9C984 /* ExampleUITests.xctest */ = {isa = PBXFileReference; explicitFileType = wrapper.cfbundle; includeInIndex = 0; path = ExampleUITests.xctest; sourceTree = BUILT_PRODUCTS_DIR; };
		B6D88BF227BDF9ED00B9C984 /* ExampleUITests.swift */ = {isa = PBXFileReference; lastKnownFileType = sourcecode.swift; path = ExampleUITests.swift; sourceTree = "<group>"; };
		B6D88BF827BDF9ED00B9C984 /* ExampleUIUITests.xctest */ = {isa = PBXFileReference; explicitFileType = wrapper.cfbundle; includeInIndex = 0; path = ExampleUIUITests.xctest; sourceTree = BUILT_PRODUCTS_DIR; };
		B6D88BFC27BDF9ED00B9C984 /* ExampleUIUITests.swift */ = {isa = PBXFileReference; lastKnownFileType = sourcecode.swift; path = ExampleUIUITests.swift; sourceTree = "<group>"; };
		B6D88BFE27BDF9ED00B9C984 /* ExampleUIUITestsLaunchTests.swift */ = {isa = PBXFileReference; lastKnownFileType = sourcecode.swift; path = ExampleUIUITestsLaunchTests.swift; sourceTree = "<group>"; };
		B6D88C0C27BDFC0E00B9C984 /* InitialViewController.swift */ = {isa = PBXFileReference; lastKnownFileType = sourcecode.swift; path = InitialViewController.swift; sourceTree = "<group>"; };
		B6D88C0D27BDFC0E00B9C984 /* InitialViewController.xib */ = {isa = PBXFileReference; lastKnownFileType = file.xib; path = InitialViewController.xib; sourceTree = "<group>"; };
		B6D88C1127BDFE3B00B9C984 /* ViewWithCodeViewController.swift */ = {isa = PBXFileReference; lastKnownFileType = sourcecode.swift; path = ViewWithCodeViewController.swift; sourceTree = "<group>"; };
		B6F6A64127C4909800FCFCDB /* CollectionViewController.swift */ = {isa = PBXFileReference; lastKnownFileType = sourcecode.swift; path = CollectionViewController.swift; sourceTree = "<group>"; };
		B6F6A64227C4909800FCFCDB /* CollectionViewController.xib */ = {isa = PBXFileReference; lastKnownFileType = file.xib; path = CollectionViewController.xib; sourceTree = "<group>"; };
		B6F6A64527C4941800FCFCDB /* CollectionViewDataSource.swift */ = {isa = PBXFileReference; lastKnownFileType = sourcecode.swift; path = CollectionViewDataSource.swift; sourceTree = "<group>"; };
		B6F6A64827C495A000FCFCDB /* TitleCollectionViewCell.swift */ = {isa = PBXFileReference; lastKnownFileType = sourcecode.swift; path = TitleCollectionViewCell.swift; sourceTree = "<group>"; };
		B6F6A64927C495A000FCFCDB /* TitleCollectionViewCell.xib */ = {isa = PBXFileReference; lastKnownFileType = file.xib; path = TitleCollectionViewCell.xib; sourceTree = "<group>"; };
		B6FCA27B27D06F9C00AC9C5D /* UserDefaults.swift */ = {isa = PBXFileReference; lastKnownFileType = sourcecode.swift; path = UserDefaults.swift; sourceTree = "<group>"; };
		B6FCA27F27D0762C00AC9C5D /* User.xcdatamodel */ = {isa = PBXFileReference; lastKnownFileType = wrapper.xcdatamodel; path = User.xcdatamodel; sourceTree = "<group>"; };
		B6FCA28127D0772300AC9C5D /* CoreData.swift */ = {isa = PBXFileReference; lastKnownFileType = sourcecode.swift; path = CoreData.swift; sourceTree = "<group>"; };
		BFDD76D6B7EDC05DEFB9295C /* Pods_ExampleUI.framework */ = {isa = PBXFileReference; explicitFileType = wrapper.framework; includeInIndex = 0; path = Pods_ExampleUI.framework; sourceTree = BUILT_PRODUCTS_DIR; };
		CDABAAFEB2A36CBF30AFF5D7 /* Pods-ExampleUI.debug.xcconfig */ = {isa = PBXFileReference; includeInIndex = 1; lastKnownFileType = text.xcconfig; name = "Pods-ExampleUI.debug.xcconfig"; path = "Target Support Files/Pods-ExampleUI/Pods-ExampleUI.debug.xcconfig"; sourceTree = "<group>"; };
/* End PBXFileReference section */

/* Begin PBXFrameworksBuildPhase section */
		B6D88BD527BDF9EC00B9C984 /* Frameworks */ = {
			isa = PBXFrameworksBuildPhase;
			buildActionMask = 2147483647;
			files = (
				B686C7F327C7387B00ECE445 /* Components.framework in Frameworks */,
				15DD56F54CBCA9FB6EFECEF4 /* Pods_ExampleUI.framework in Frameworks */,
			);
			runOnlyForDeploymentPostprocessing = 0;
		};
		B6D88BEB27BDF9ED00B9C984 /* Frameworks */ = {
			isa = PBXFrameworksBuildPhase;
			buildActionMask = 2147483647;
			files = (
			);
			runOnlyForDeploymentPostprocessing = 0;
		};
		B6D88BF527BDF9ED00B9C984 /* Frameworks */ = {
			isa = PBXFrameworksBuildPhase;
			buildActionMask = 2147483647;
			files = (
			);
			runOnlyForDeploymentPostprocessing = 0;
		};
/* End PBXFrameworksBuildPhase section */

/* Begin PBXGroup section */
		1CE505D9B41CF091D1186891 /* Pods */ = {
			isa = PBXGroup;
			children = (
				CDABAAFEB2A36CBF30AFF5D7 /* Pods-ExampleUI.debug.xcconfig */,
				615D01198EEA812032D0DDB9 /* Pods-ExampleUI.release.xcconfig */,
			);
			name = Pods;
			path = ../Pods;
			sourceTree = "<group>";
		};
		B66955C627D70075004545E1 /* Realm */ = {
			isa = PBXGroup;
			children = (
				B66955C727D7019D004545E1 /* MainRealm.swift */,
			);
			path = Realm;
			sourceTree = "<group>";
		};
		B686C7F127C7387B00ECE445 /* Frameworks */ = {
			isa = PBXGroup;
			children = (
				B686C7F227C7387B00ECE445 /* Components.framework */,
				BFDD76D6B7EDC05DEFB9295C /* Pods_ExampleUI.framework */,
			);
			name = Frameworks;
			sourceTree = "<group>";
		};
		B6ADAA4727D9A6DB005B866C /* Closures */ = {
			isa = PBXGroup;
			children = (
				B6ADAA4827D9A6E8005B866C /* Closures.swift */,
				B6ADAA4A27D9ACAE005B866C /* NotificationCenter.swift */,
			);
			path = Closures;
			sourceTree = "<group>";
		};
		B6D88BCF27BDF9EC00B9C984 = {
			isa = PBXGroup;
			children = (
				B6D88BDA27BDF9EC00B9C984 /* ExampleUI */,
				B6D88BF127BDF9ED00B9C984 /* ExampleUITests */,
				B6D88BFB27BDF9ED00B9C984 /* ExampleUIUITests */,
				B6D88BD927BDF9EC00B9C984 /* Products */,
				B686C7F127C7387B00ECE445 /* Frameworks */,
				1CE505D9B41CF091D1186891 /* Pods */,
			);
			sourceTree = "<group>";
		};
		B6D88BD927BDF9EC00B9C984 /* Products */ = {
			isa = PBXGroup;
			children = (
				B6D88BD827BDF9EC00B9C984 /* ExampleUI.app */,
				B6D88BEE27BDF9ED00B9C984 /* ExampleUITests.xctest */,
				B6D88BF827BDF9ED00B9C984 /* ExampleUIUITests.xctest */,
			);
			name = Products;
			sourceTree = "<group>";
		};
		B6D88BDA27BDF9EC00B9C984 /* ExampleUI */ = {
			isa = PBXGroup;
			children = (
				B6ADAA4727D9A6DB005B866C /* Closures */,
				B6FCA27A27D06F8600AC9C5D /* DataPersistent */,
				B6F6A64027C4907D00FCFCDB /* CollectionView */,
				B6D88C1027BDFE0700B9C984 /* ViewWithCode */,
				B6D88C0B27BDFBD000B9C984 /* InitialView */,
				B6D88BDB27BDF9EC00B9C984 /* AppDelegate.swift */,
				B6D88BE427BDF9ED00B9C984 /* Assets.xcassets */,
				B6D88BE627BDF9ED00B9C984 /* LaunchScreen.storyboard */,
				B6D88BE927BDF9ED00B9C984 /* Info.plist */,
			);
			path = ExampleUI;
			sourceTree = "<group>";
		};
		B6D88BF127BDF9ED00B9C984 /* ExampleUITests */ = {
			isa = PBXGroup;
			children = (
				B6D88BF227BDF9ED00B9C984 /* ExampleUITests.swift */,
			);
			path = ExampleUITests;
			sourceTree = "<group>";
		};
		B6D88BFB27BDF9ED00B9C984 /* ExampleUIUITests */ = {
			isa = PBXGroup;
			children = (
				B6D88BFC27BDF9ED00B9C984 /* ExampleUIUITests.swift */,
				B6D88BFE27BDF9ED00B9C984 /* ExampleUIUITestsLaunchTests.swift */,
			);
			path = ExampleUIUITests;
			sourceTree = "<group>";
		};
		B6D88C0B27BDFBD000B9C984 /* InitialView */ = {
			isa = PBXGroup;
			children = (
				B6D88C0C27BDFC0E00B9C984 /* InitialViewController.swift */,
				B6D88C0D27BDFC0E00B9C984 /* InitialViewController.xib */,
			);
			path = InitialView;
			sourceTree = "<group>";
		};
		B6D88C1027BDFE0700B9C984 /* ViewWithCode */ = {
			isa = PBXGroup;
			children = (
				B6D88C1127BDFE3B00B9C984 /* ViewWithCodeViewController.swift */,
			);
			path = ViewWithCode;
			sourceTree = "<group>";
		};
		B6F6A64027C4907D00FCFCDB /* CollectionView */ = {
			isa = PBXGroup;
			children = (
				B6F6A64727C4957200FCFCDB /* Cells */,
				B6F6A64127C4909800FCFCDB /* CollectionViewController.swift */,
				B6F6A64527C4941800FCFCDB /* CollectionViewDataSource.swift */,
				B6F6A64227C4909800FCFCDB /* CollectionViewController.xib */,
			);
			path = CollectionView;
			sourceTree = "<group>";
		};
		B6F6A64727C4957200FCFCDB /* Cells */ = {
			isa = PBXGroup;
			children = (
				B6F6A64827C495A000FCFCDB /* TitleCollectionViewCell.swift */,
				B6F6A64927C495A000FCFCDB /* TitleCollectionViewCell.xib */,
			);
			path = Cells;
			sourceTree = "<group>";
		};
		B6FCA27A27D06F8600AC9C5D /* DataPersistent */ = {
			isa = PBXGroup;
			children = (
				B66955C627D70075004545E1 /* Realm */,
				B6FCA27D27D0747300AC9C5D /* CoreData */,
				B6FCA27B27D06F9C00AC9C5D /* UserDefaults.swift */,
			);
			path = DataPersistent;
			sourceTree = "<group>";
		};
		B6FCA27D27D0747300AC9C5D /* CoreData */ = {
			isa = PBXGroup;
			children = (
				B6FCA27E27D0762C00AC9C5D /* User.xcdatamodeld */,
				B6FCA28127D0772300AC9C5D /* CoreData.swift */,
			);
			path = CoreData;
			sourceTree = "<group>";
		};
/* End PBXGroup section */

/* Begin PBXNativeTarget section */
		B6D88BD727BDF9EC00B9C984 /* ExampleUI */ = {
			isa = PBXNativeTarget;
			buildConfigurationList = B6D88C0227BDF9ED00B9C984 /* Build configuration list for PBXNativeTarget "ExampleUI" */;
			buildPhases = (
				A1872EF3BA284C43BDBCBB47 /* [CP] Check Pods Manifest.lock */,
				B6D88BD427BDF9EC00B9C984 /* Sources */,
				B6D88BD527BDF9EC00B9C984 /* Frameworks */,
				B6D88BD627BDF9EC00B9C984 /* Resources */,
				B686C7F527C7387B00ECE445 /* Embed Frameworks */,
				01821BC890530C087B813902 /* [CP] Embed Pods Frameworks */,
			);
			buildRules = (
			);
			dependencies = (
			);
			name = ExampleUI;
			productName = ExampleUI;
			productReference = B6D88BD827BDF9EC00B9C984 /* ExampleUI.app */;
			productType = "com.apple.product-type.application";
		};
		B6D88BED27BDF9ED00B9C984 /* ExampleUITests */ = {
			isa = PBXNativeTarget;
			buildConfigurationList = B6D88C0527BDF9ED00B9C984 /* Build configuration list for PBXNativeTarget "ExampleUITests" */;
			buildPhases = (
				B6D88BEA27BDF9ED00B9C984 /* Sources */,
				B6D88BEB27BDF9ED00B9C984 /* Frameworks */,
				B6D88BEC27BDF9ED00B9C984 /* Resources */,
			);
			buildRules = (
			);
			dependencies = (
				B6D88BF027BDF9ED00B9C984 /* PBXTargetDependency */,
			);
			name = ExampleUITests;
			productName = ExampleUITests;
			productReference = B6D88BEE27BDF9ED00B9C984 /* ExampleUITests.xctest */;
			productType = "com.apple.product-type.bundle.unit-test";
		};
		B6D88BF727BDF9ED00B9C984 /* ExampleUIUITests */ = {
			isa = PBXNativeTarget;
			buildConfigurationList = B6D88C0827BDF9ED00B9C984 /* Build configuration list for PBXNativeTarget "ExampleUIUITests" */;
			buildPhases = (
				B6D88BF427BDF9ED00B9C984 /* Sources */,
				B6D88BF527BDF9ED00B9C984 /* Frameworks */,
				B6D88BF627BDF9ED00B9C984 /* Resources */,
			);
			buildRules = (
			);
			dependencies = (
				B6D88BFA27BDF9ED00B9C984 /* PBXTargetDependency */,
			);
			name = ExampleUIUITests;
			productName = ExampleUIUITests;
			productReference = B6D88BF827BDF9ED00B9C984 /* ExampleUIUITests.xctest */;
			productType = "com.apple.product-type.bundle.ui-testing";
		};
/* End PBXNativeTarget section */

/* Begin PBXProject section */
		B6D88BD027BDF9EC00B9C984 /* Project object */ = {
			isa = PBXProject;
			attributes = {
				BuildIndependentTargetsInParallel = 1;
				LastSwiftUpdateCheck = 1320;
				LastUpgradeCheck = 1320;
				TargetAttributes = {
					B6D88BD727BDF9EC00B9C984 = {
						CreatedOnToolsVersion = 13.2.1;
					};
					B6D88BED27BDF9ED00B9C984 = {
						CreatedOnToolsVersion = 13.2.1;
						TestTargetID = B6D88BD727BDF9EC00B9C984;
					};
					B6D88BF727BDF9ED00B9C984 = {
						CreatedOnToolsVersion = 13.2.1;
						TestTargetID = B6D88BD727BDF9EC00B9C984;
					};
				};
			};
			buildConfigurationList = B6D88BD327BDF9EC00B9C984 /* Build configuration list for PBXProject "ExampleUI" */;
			compatibilityVersion = "Xcode 13.0";
			developmentRegion = en;
			hasScannedForEncodings = 0;
			knownRegions = (
				en,
				Base,
			);
			mainGroup = B6D88BCF27BDF9EC00B9C984;
			productRefGroup = B6D88BD927BDF9EC00B9C984 /* Products */;
			projectDirPath = "";
			projectRoot = "";
			targets = (
				B6D88BD727BDF9EC00B9C984 /* ExampleUI */,
				B6D88BED27BDF9ED00B9C984 /* ExampleUITests */,
				B6D88BF727BDF9ED00B9C984 /* ExampleUIUITests */,
			);
		};
/* End PBXProject section */

/* Begin PBXResourcesBuildPhase section */
		B6D88BD627BDF9EC00B9C984 /* Resources */ = {
			isa = PBXResourcesBuildPhase;
			buildActionMask = 2147483647;
			files = (
				B6F6A64B27C495A000FCFCDB /* TitleCollectionViewCell.xib in Resources */,
				B6F6A64427C4909800FCFCDB /* CollectionViewController.xib in Resources */,
				B6D88BE827BDF9ED00B9C984 /* LaunchScreen.storyboard in Resources */,
				B6D88BE527BDF9ED00B9C984 /* Assets.xcassets in Resources */,
				B6D88C0F27BDFC0E00B9C984 /* InitialViewController.xib in Resources */,
			);
			runOnlyForDeploymentPostprocessing = 0;
		};
		B6D88BEC27BDF9ED00B9C984 /* Resources */ = {
			isa = PBXResourcesBuildPhase;
			buildActionMask = 2147483647;
			files = (
			);
			runOnlyForDeploymentPostprocessing = 0;
		};
		B6D88BF627BDF9ED00B9C984 /* Resources */ = {
			isa = PBXResourcesBuildPhase;
			buildActionMask = 2147483647;
			files = (
			);
			runOnlyForDeploymentPostprocessing = 0;
		};
/* End PBXResourcesBuildPhase section */

/* Begin PBXShellScriptBuildPhase section */
		01821BC890530C087B813902 /* [CP] Embed Pods Frameworks */ = {
			isa = PBXShellScriptBuildPhase;
			buildActionMask = 2147483647;
			files = (
			);
			inputFileListPaths = (
				"${PODS_ROOT}/Target Support Files/Pods-ExampleUI/Pods-ExampleUI-frameworks-${CONFIGURATION}-input-files.xcfilelist",
			);
			name = "[CP] Embed Pods Frameworks";
			outputFileListPaths = (
				"${PODS_ROOT}/Target Support Files/Pods-ExampleUI/Pods-ExampleUI-frameworks-${CONFIGURATION}-output-files.xcfilelist",
			);
			runOnlyForDeploymentPostprocessing = 0;
			shellPath = /bin/sh;
			shellScript = "\"${PODS_ROOT}/Target Support Files/Pods-ExampleUI/Pods-ExampleUI-frameworks.sh\"\n";
			showEnvVarsInLog = 0;
		};
		A1872EF3BA284C43BDBCBB47 /* [CP] Check Pods Manifest.lock */ = {
			isa = PBXShellScriptBuildPhase;
			buildActionMask = 2147483647;
			files = (
			);
			inputFileListPaths = (
			);
			inputPaths = (
				"${PODS_PODFILE_DIR_PATH}/Podfile.lock",
				"${PODS_ROOT}/Manifest.lock",
			);
			name = "[CP] Check Pods Manifest.lock";
			outputFileListPaths = (
			);
			outputPaths = (
				"$(DERIVED_FILE_DIR)/Pods-ExampleUI-checkManifestLockResult.txt",
			);
			runOnlyForDeploymentPostprocessing = 0;
			shellPath = /bin/sh;
			shellScript = "diff \"${PODS_PODFILE_DIR_PATH}/Podfile.lock\" \"${PODS_ROOT}/Manifest.lock\" > /dev/null\nif [ $? != 0 ] ; then\n    # print error to STDERR\n    echo \"error: The sandbox is not in sync with the Podfile.lock. Run 'pod install' or update your CocoaPods installation.\" >&2\n    exit 1\nfi\n# This output is used by Xcode 'outputs' to avoid re-running this script phase.\necho \"SUCCESS\" > \"${SCRIPT_OUTPUT_FILE_0}\"\n";
			showEnvVarsInLog = 0;
		};
/* End PBXShellScriptBuildPhase section */

/* Begin PBXSourcesBuildPhase section */
		B6D88BD427BDF9EC00B9C984 /* Sources */ = {
			isa = PBXSourcesBuildPhase;
			buildActionMask = 2147483647;
			files = (
				B66955C827D7019D004545E1 /* MainRealm.swift in Sources */,
				B6FCA28027D0762C00AC9C5D /* User.xcdatamodeld in Sources */,
				B6F6A64627C4941800FCFCDB /* CollectionViewDataSource.swift in Sources */,
				B6F6A64327C4909800FCFCDB /* CollectionViewController.swift in Sources */,
				B6D88C1227BDFE3B00B9C984 /* ViewWithCodeViewController.swift in Sources */,
				B6FCA28227D0772300AC9C5D /* CoreData.swift in Sources */,
				B6F6A64A27C495A000FCFCDB /* TitleCollectionViewCell.swift in Sources */,
				B6ADAA4B27D9ACAE005B866C /* NotificationCenter.swift in Sources */,
				B6D88C0E27BDFC0E00B9C984 /* InitialViewController.swift in Sources */,
				B6FCA27C27D06F9C00AC9C5D /* UserDefaults.swift in Sources */,
				B6D88BDC27BDF9EC00B9C984 /* AppDelegate.swift in Sources */,
				B6ADAA4927D9A6E8005B866C /* Closures.swift in Sources */,
			);
			runOnlyForDeploymentPostprocessing = 0;
		};
		B6D88BEA27BDF9ED00B9C984 /* Sources */ = {
			isa = PBXSourcesBuildPhase;
			buildActionMask = 2147483647;
			files = (
				B6D88BF327BDF9ED00B9C984 /* ExampleUITests.swift in Sources */,
			);
			runOnlyForDeploymentPostprocessing = 0;
		};
		B6D88BF427BDF9ED00B9C984 /* Sources */ = {
			isa = PBXSourcesBuildPhase;
			buildActionMask = 2147483647;
			files = (
				B6D88BFD27BDF9ED00B9C984 /* ExampleUIUITests.swift in Sources */,
				B6D88BFF27BDF9ED00B9C984 /* ExampleUIUITestsLaunchTests.swift in Sources */,
			);
			runOnlyForDeploymentPostprocessing = 0;
		};
/* End PBXSourcesBuildPhase section */

/* Begin PBXTargetDependency section */
		B6D88BF027BDF9ED00B9C984 /* PBXTargetDependency */ = {
			isa = PBXTargetDependency;
			target = B6D88BD727BDF9EC00B9C984 /* ExampleUI */;
			targetProxy = B6D88BEF27BDF9ED00B9C984 /* PBXContainerItemProxy */;
		};
		B6D88BFA27BDF9ED00B9C984 /* PBXTargetDependency */ = {
			isa = PBXTargetDependency;
			target = B6D88BD727BDF9EC00B9C984 /* ExampleUI */;
			targetProxy = B6D88BF927BDF9ED00B9C984 /* PBXContainerItemProxy */;
		};
/* End PBXTargetDependency section */

/* Begin PBXVariantGroup section */
		B6D88BE627BDF9ED00B9C984 /* LaunchScreen.storyboard */ = {
			isa = PBXVariantGroup;
			children = (
				B6D88BE727BDF9ED00B9C984 /* Base */,
			);
			name = LaunchScreen.storyboard;
			sourceTree = "<group>";
		};
/* End PBXVariantGroup section */

/* Begin XCBuildConfiguration section */
		B6D88C0027BDF9ED00B9C984 /* Debug */ = {
			isa = XCBuildConfiguration;
			buildSettings = {
				ALWAYS_SEARCH_USER_PATHS = NO;
				CLANG_ANALYZER_NONNULL = YES;
				CLANG_ANALYZER_NUMBER_OBJECT_CONVERSION = YES_AGGRESSIVE;
				CLANG_CXX_LANGUAGE_STANDARD = "gnu++17";
				CLANG_CXX_LIBRARY = "libc++";
				CLANG_ENABLE_MODULES = YES;
				CLANG_ENABLE_OBJC_ARC = YES;
				CLANG_ENABLE_OBJC_WEAK = YES;
				CLANG_WARN_BLOCK_CAPTURE_AUTORELEASING = YES;
				CLANG_WARN_BOOL_CONVERSION = YES;
				CLANG_WARN_COMMA = YES;
				CLANG_WARN_CONSTANT_CONVERSION = YES;
				CLANG_WARN_DEPRECATED_OBJC_IMPLEMENTATIONS = YES;
				CLANG_WARN_DIRECT_OBJC_ISA_USAGE = YES_ERROR;
				CLANG_WARN_DOCUMENTATION_COMMENTS = YES;
				CLANG_WARN_EMPTY_BODY = YES;
				CLANG_WARN_ENUM_CONVERSION = YES;
				CLANG_WARN_INFINITE_RECURSION = YES;
				CLANG_WARN_INT_CONVERSION = YES;
				CLANG_WARN_NON_LITERAL_NULL_CONVERSION = YES;
				CLANG_WARN_OBJC_IMPLICIT_RETAIN_SELF = YES;
				CLANG_WARN_OBJC_LITERAL_CONVERSION = YES;
				CLANG_WARN_OBJC_ROOT_CLASS = YES_ERROR;
				CLANG_WARN_QUOTED_INCLUDE_IN_FRAMEWORK_HEADER = YES;
				CLANG_WARN_RANGE_LOOP_ANALYSIS = YES;
				CLANG_WARN_STRICT_PROTOTYPES = YES;
				CLANG_WARN_SUSPICIOUS_MOVE = YES;
				CLANG_WARN_UNGUARDED_AVAILABILITY = YES_AGGRESSIVE;
				CLANG_WARN_UNREACHABLE_CODE = YES;
				CLANG_WARN__DUPLICATE_METHOD_MATCH = YES;
				COPY_PHASE_STRIP = NO;
				DEBUG_INFORMATION_FORMAT = dwarf;
				ENABLE_STRICT_OBJC_MSGSEND = YES;
				ENABLE_TESTABILITY = YES;
				GCC_C_LANGUAGE_STANDARD = gnu11;
				GCC_DYNAMIC_NO_PIC = NO;
				GCC_NO_COMMON_BLOCKS = YES;
				GCC_OPTIMIZATION_LEVEL = 0;
				GCC_PREPROCESSOR_DEFINITIONS = (
					"DEBUG=1",
					"$(inherited)",
				);
				GCC_WARN_64_TO_32_BIT_CONVERSION = YES;
				GCC_WARN_ABOUT_RETURN_TYPE = YES_ERROR;
				GCC_WARN_UNDECLARED_SELECTOR = YES;
				GCC_WARN_UNINITIALIZED_AUTOS = YES_AGGRESSIVE;
				GCC_WARN_UNUSED_FUNCTION = YES;
				GCC_WARN_UNUSED_VARIABLE = YES;
				IPHONEOS_DEPLOYMENT_TARGET = 15.2;
				MTL_ENABLE_DEBUG_INFO = INCLUDE_SOURCE;
				MTL_FAST_MATH = YES;
				ONLY_ACTIVE_ARCH = YES;
				SDKROOT = iphoneos;
				SWIFT_ACTIVE_COMPILATION_CONDITIONS = DEBUG;
				SWIFT_OPTIMIZATION_LEVEL = "-Onone";
			};
			name = Debug;
		};
		B6D88C0127BDF9ED00B9C984 /* Release */ = {
			isa = XCBuildConfiguration;
			buildSettings = {
				ALWAYS_SEARCH_USER_PATHS = NO;
				CLANG_ANALYZER_NONNULL = YES;
				CLANG_ANALYZER_NUMBER_OBJECT_CONVERSION = YES_AGGRESSIVE;
				CLANG_CXX_LANGUAGE_STANDARD = "gnu++17";
				CLANG_CXX_LIBRARY = "libc++";
				CLANG_ENABLE_MODULES = YES;
				CLANG_ENABLE_OBJC_ARC = YES;
				CLANG_ENABLE_OBJC_WEAK = YES;
				CLANG_WARN_BLOCK_CAPTURE_AUTORELEASING = YES;
				CLANG_WARN_BOOL_CONVERSION = YES;
				CLANG_WARN_COMMA = YES;
				CLANG_WARN_CONSTANT_CONVERSION = YES;
				CLANG_WARN_DEPRECATED_OBJC_IMPLEMENTATIONS = YES;
				CLANG_WARN_DIRECT_OBJC_ISA_USAGE = YES_ERROR;
				CLANG_WARN_DOCUMENTATION_COMMENTS = YES;
				CLANG_WARN_EMPTY_BODY = YES;
				CLANG_WARN_ENUM_CONVERSION = YES;
				CLANG_WARN_INFINITE_RECURSION = YES;
				CLANG_WARN_INT_CONVERSION = YES;
				CLANG_WARN_NON_LITERAL_NULL_CONVERSION = YES;
				CLANG_WARN_OBJC_IMPLICIT_RETAIN_SELF = YES;
				CLANG_WARN_OBJC_LITERAL_CONVERSION = YES;
				CLANG_WARN_OBJC_ROOT_CLASS = YES_ERROR;
				CLANG_WARN_QUOTED_INCLUDE_IN_FRAMEWORK_HEADER = YES;
				CLANG_WARN_RANGE_LOOP_ANALYSIS = YES;
				CLANG_WARN_STRICT_PROTOTYPES = YES;
				CLANG_WARN_SUSPICIOUS_MOVE = YES;
				CLANG_WARN_UNGUARDED_AVAILABILITY = YES_AGGRESSIVE;
				CLANG_WARN_UNREACHABLE_CODE = YES;
				CLANG_WARN__DUPLICATE_METHOD_MATCH = YES;
				COPY_PHASE_STRIP = NO;
				DEBUG_INFORMATION_FORMAT = "dwarf-with-dsym";
				ENABLE_NS_ASSERTIONS = NO;
				ENABLE_STRICT_OBJC_MSGSEND = YES;
				GCC_C_LANGUAGE_STANDARD = gnu11;
				GCC_NO_COMMON_BLOCKS = YES;
				GCC_WARN_64_TO_32_BIT_CONVERSION = YES;
				GCC_WARN_ABOUT_RETURN_TYPE = YES_ERROR;
				GCC_WARN_UNDECLARED_SELECTOR = YES;
				GCC_WARN_UNINITIALIZED_AUTOS = YES_AGGRESSIVE;
				GCC_WARN_UNUSED_FUNCTION = YES;
				GCC_WARN_UNUSED_VARIABLE = YES;
				IPHONEOS_DEPLOYMENT_TARGET = 15.2;
				MTL_ENABLE_DEBUG_INFO = NO;
				MTL_FAST_MATH = YES;
				SDKROOT = iphoneos;
				SWIFT_COMPILATION_MODE = wholemodule;
				SWIFT_OPTIMIZATION_LEVEL = "-O";
				VALIDATE_PRODUCT = YES;
			};
			name = Release;
		};
		B6D88C0327BDF9ED00B9C984 /* Debug */ = {
			isa = XCBuildConfiguration;
			baseConfigurationReference = CDABAAFEB2A36CBF30AFF5D7 /* Pods-ExampleUI.debug.xcconfig */;
			buildSettings = {
				ASSETCATALOG_COMPILER_APPICON_NAME = AppIcon;
				ASSETCATALOG_COMPILER_GLOBAL_ACCENT_COLOR_NAME = AccentColor;
				CODE_SIGN_STYLE = Automatic;
				CURRENT_PROJECT_VERSION = 1;
				GENERATE_INFOPLIST_FILE = YES;
				INFOPLIST_FILE = ExampleUI/Info.plist;
				INFOPLIST_KEY_UIApplicationSupportsIndirectInputEvents = YES;
				INFOPLIST_KEY_UILaunchStoryboardName = LaunchScreen;
				INFOPLIST_KEY_UIRequiredDeviceCapabilities = armv7;
				INFOPLIST_KEY_UISupportedInterfaceOrientations = UIInterfaceOrientationPortrait;
				INFOPLIST_KEY_UISupportedInterfaceOrientations_iPad = "UIInterfaceOrientationPortrait UIInterfaceOrientationPortraitUpsideDown UIInterfaceOrientationLandscapeLeft UIInterfaceOrientationLandscapeRight";
				INFOPLIST_KEY_UISupportedInterfaceOrientations_iPhone = "UIInterfaceOrientationPortrait UIInterfaceOrientationLandscapeLeft UIInterfaceOrientationLandscapeRight";
				LD_RUNPATH_SEARCH_PATHS = (
					"$(inherited)",
					"@executable_path/Frameworks",
				);
				MARKETING_VERSION = 1.0;
				PRODUCT_BUNDLE_IDENTIFIER = com.andres.ExampleUI;
				PRODUCT_NAME = "$(TARGET_NAME)";
				SWIFT_EMIT_LOC_STRINGS = YES;
				SWIFT_VERSION = 5.0;
				TARGETED_DEVICE_FAMILY = "1,2";
			};
			name = Debug;
		};
		B6D88C0427BDF9ED00B9C984 /* Release */ = {
			isa = XCBuildConfiguration;
			baseConfigurationReference = 615D01198EEA812032D0DDB9 /* Pods-ExampleUI.release.xcconfig */;
			buildSettings = {
				ASSETCATALOG_COMPILER_APPICON_NAME = AppIcon;
				ASSETCATALOG_COMPILER_GLOBAL_ACCENT_COLOR_NAME = AccentColor;
				CODE_SIGN_STYLE = Automatic;
				CURRENT_PROJECT_VERSION = 1;
				GENERATE_INFOPLIST_FILE = YES;
				INFOPLIST_FILE = ExampleUI/Info.plist;
				INFOPLIST_KEY_UIApplicationSupportsIndirectInputEvents = YES;
				INFOPLIST_KEY_UILaunchStoryboardName = LaunchScreen;
				INFOPLIST_KEY_UIRequiredDeviceCapabilities = armv7;
				INFOPLIST_KEY_UISupportedInterfaceOrientations = UIInterfaceOrientationPortrait;
				INFOPLIST_KEY_UISupportedInterfaceOrientations_iPad = "UIInterfaceOrientationPortrait UIInterfaceOrientationPortraitUpsideDown UIInterfaceOrientationLandscapeLeft UIInterfaceOrientationLandscapeRight";
				INFOPLIST_KEY_UISupportedInterfaceOrientations_iPhone = "UIInterfaceOrientationPortrait UIInterfaceOrientationLandscapeLeft UIInterfaceOrientationLandscapeRight";
				LD_RUNPATH_SEARCH_PATHS = (
					"$(inherited)",
					"@executable_path/Frameworks",
				);
				MARKETING_VERSION = 1.0;
				PRODUCT_BUNDLE_IDENTIFIER = com.andres.ExampleUI;
				PRODUCT_NAME = "$(TARGET_NAME)";
				SWIFT_EMIT_LOC_STRINGS = YES;
				SWIFT_VERSION = 5.0;
				TARGETED_DEVICE_FAMILY = "1,2";
			};
			name = Release;
		};
		B6D88C0627BDF9ED00B9C984 /* Debug */ = {
			isa = XCBuildConfiguration;
			buildSettings = {
				ALWAYS_EMBED_SWIFT_STANDARD_LIBRARIES = YES;
				BUNDLE_LOADER = "$(TEST_HOST)";
				CODE_SIGN_STYLE = Automatic;
				CURRENT_PROJECT_VERSION = 1;
				GENERATE_INFOPLIST_FILE = YES;
				IPHONEOS_DEPLOYMENT_TARGET = 15.2;
				MARKETING_VERSION = 1.0;
				PRODUCT_BUNDLE_IDENTIFIER = com.andres.ExampleUITests;
				PRODUCT_NAME = "$(TARGET_NAME)";
				SWIFT_EMIT_LOC_STRINGS = NO;
				SWIFT_VERSION = 5.0;
				TARGETED_DEVICE_FAMILY = "1,2";
				TEST_HOST = "$(BUILT_PRODUCTS_DIR)/ExampleUI.app/ExampleUI";
			};
			name = Debug;
		};
		B6D88C0727BDF9ED00B9C984 /* Release */ = {
			isa = XCBuildConfiguration;
			buildSettings = {
				ALWAYS_EMBED_SWIFT_STANDARD_LIBRARIES = YES;
				BUNDLE_LOADER = "$(TEST_HOST)";
				CODE_SIGN_STYLE = Automatic;
				CURRENT_PROJECT_VERSION = 1;
				GENERATE_INFOPLIST_FILE = YES;
				IPHONEOS_DEPLOYMENT_TARGET = 15.2;
				MARKETING_VERSION = 1.0;
				PRODUCT_BUNDLE_IDENTIFIER = com.andres.ExampleUITests;
				PRODUCT_NAME = "$(TARGET_NAME)";
				SWIFT_EMIT_LOC_STRINGS = NO;
				SWIFT_VERSION = 5.0;
				TARGETED_DEVICE_FAMILY = "1,2";
				TEST_HOST = "$(BUILT_PRODUCTS_DIR)/ExampleUI.app/ExampleUI";
			};
			name = Release;
		};
		B6D88C0927BDF9ED00B9C984 /* Debug */ = {
			isa = XCBuildConfiguration;
			buildSettings = {
				ALWAYS_EMBED_SWIFT_STANDARD_LIBRARIES = YES;
				CODE_SIGN_STYLE = Automatic;
				CURRENT_PROJECT_VERSION = 1;
				GENERATE_INFOPLIST_FILE = YES;
				MARKETING_VERSION = 1.0;
				PRODUCT_BUNDLE_IDENTIFIER = com.andres.ExampleUIUITests;
				PRODUCT_NAME = "$(TARGET_NAME)";
				SWIFT_EMIT_LOC_STRINGS = NO;
				SWIFT_VERSION = 5.0;
				TARGETED_DEVICE_FAMILY = "1,2";
				TEST_TARGET_NAME = ExampleUI;
			};
			name = Debug;
		};
		B6D88C0A27BDF9ED00B9C984 /* Release */ = {
			isa = XCBuildConfiguration;
			buildSettings = {
				ALWAYS_EMBED_SWIFT_STANDARD_LIBRARIES = YES;
				CODE_SIGN_STYLE = Automatic;
				CURRENT_PROJECT_VERSION = 1;
				GENERATE_INFOPLIST_FILE = YES;
				MARKETING_VERSION = 1.0;
				PRODUCT_BUNDLE_IDENTIFIER = com.andres.ExampleUIUITests;
				PRODUCT_NAME = "$(TARGET_NAME)";
				SWIFT_EMIT_LOC_STRINGS = NO;
				SWIFT_VERSION = 5.0;
				TARGETED_DEVICE_FAMILY = "1,2";
				TEST_TARGET_NAME = ExampleUI;
			};
			name = Release;
		};
/* End XCBuildConfiguration section */

/* Begin XCConfigurationList section */
		B6D88BD327BDF9EC00B9C984 /* Build configuration list for PBXProject "ExampleUI" */ = {
			isa = XCConfigurationList;
			buildConfigurations = (
				B6D88C0027BDF9ED00B9C984 /* Debug */,
				B6D88C0127BDF9ED00B9C984 /* Release */,
			);
			defaultConfigurationIsVisible = 0;
			defaultConfigurationName = Release;
		};
		B6D88C0227BDF9ED00B9C984 /* Build configuration list for PBXNativeTarget "ExampleUI" */ = {
			isa = XCConfigurationList;
			buildConfigurations = (
				B6D88C0327BDF9ED00B9C984 /* Debug */,
				B6D88C0427BDF9ED00B9C984 /* Release */,
			);
			defaultConfigurationIsVisible = 0;
			defaultConfigurationName = Release;
		};
		B6D88C0527BDF9ED00B9C984 /* Build configuration list for PBXNativeTarget "ExampleUITests" */ = {
			isa = XCConfigurationList;
			buildConfigurations = (
				B6D88C0627BDF9ED00B9C984 /* Debug */,
				B6D88C0727BDF9ED00B9C984 /* Release */,
			);
			defaultConfigurationIsVisible = 0;
			defaultConfigurationName = Release;
		};
		B6D88C0827BDF9ED00B9C984 /* Build configuration list for PBXNativeTarget "ExampleUIUITests" */ = {
			isa = XCConfigurationList;
			buildConfigurations = (
				B6D88C0927BDF9ED00B9C984 /* Debug */,
				B6D88C0A27BDF9ED00B9C984 /* Release */,
			);
			defaultConfigurationIsVisible = 0;
			defaultConfigurationName = Release;
		};
/* End XCConfigurationList section */

/* Begin XCVersionGroup section */
		B6FCA27E27D0762C00AC9C5D /* User.xcdatamodeld */ = {
			isa = XCVersionGroup;
			children = (
				B6FCA27F27D0762C00AC9C5D /* User.xcdatamodel */,
			);
			currentVersion = B6FCA27F27D0762C00AC9C5D /* User.xcdatamodel */;
			path = User.xcdatamodeld;
			sourceTree = "<group>";
			versionGroupType = wrapper.xcdatamodel;
		};
/* End XCVersionGroup section */
	};
	rootObject = B6D88BD027BDF9EC00B9C984 /* Project object */;
}
