// !$*UTF8*$!
{
	archiveVersion = 1;
	classes = {
	};
	objectVersion = 55;
	objects = {

/* Begin PBXBuildFile section */
		B660C28B27FE7D4A00F1CBE7 /* AppDelegate.swift in Sources */ = {isa = PBXBuildFile; fileRef = B660C28A27FE7D4A00F1CBE7 /* AppDelegate.swift */; };
		B660C28D27FE7D4A00F1CBE7 /* SceneDelegate.swift in Sources */ = {isa = PBXBuildFile; fileRef = B660C28C27FE7D4A00F1CBE7 /* SceneDelegate.swift */; };
		B660C28F27FE7D4A00F1CBE7 /* ViewController.swift in Sources */ = {isa = PBXBuildFile; fileRef = B660C28E27FE7D4A00F1CBE7 /* ViewController.swift */; };
		B660C29227FE7D4A00F1CBE7 /* Main.storyboard in Resources */ = {isa = PBXBuildFile; fileRef = B660C29027FE7D4A00F1CBE7 /* Main.storyboard */; };
		B660C29427FE7D4B00F1CBE7 /* Assets.xcassets in Resources */ = {isa = PBXBuildFile; fileRef = B660C29327FE7D4B00F1CBE7 /* Assets.xcassets */; };
		B660C29727FE7D4B00F1CBE7 /* LaunchScreen.storyboard in Resources */ = {isa = PBXBuildFile; fileRef = B660C29527FE7D4B00F1CBE7 /* LaunchScreen.storyboard */; };
		B660C2A127FE7DA000F1CBE7 /* ExampleTableViewController.swift in Sources */ = {isa = PBXBuildFile; fileRef = B660C29F27FE7DA000F1CBE7 /* ExampleTableViewController.swift */; };
		B660C2A227FE7DA000F1CBE7 /* ExampleTableViewController.xib in Resources */ = {isa = PBXBuildFile; fileRef = B660C2A027FE7DA000F1CBE7 /* ExampleTableViewController.xib */; };
		B660C2A527FE7DB300F1CBE7 /* ButtonTableViewCell.swift in Sources */ = {isa = PBXBuildFile; fileRef = B660C2A327FE7DB300F1CBE7 /* ButtonTableViewCell.swift */; };
		B660C2A627FE7DB300F1CBE7 /* ButtonTableViewCell.xib in Resources */ = {isa = PBXBuildFile; fileRef = B660C2A427FE7DB300F1CBE7 /* ButtonTableViewCell.xib */; };
		B660C2A927FE7FEB00F1CBE7 /* ViewModel.swift in Sources */ = {isa = PBXBuildFile; fileRef = B660C2A827FE7FEB00F1CBE7 /* ViewModel.swift */; };
		B67287A527FE854B00CB77B3 /* CoordinatorViewController.swift in Sources */ = {isa = PBXBuildFile; fileRef = B67287A427FE854B00CB77B3 /* CoordinatorViewController.swift */; };
		B67287A827FE85E900CB77B3 /* LoginViewController.swift in Sources */ = {isa = PBXBuildFile; fileRef = B67287A727FE85E900CB77B3 /* LoginViewController.swift */; };
		B67287AC27FE88EA00CB77B3 /* FactoryLoginViewController.swift in Sources */ = {isa = PBXBuildFile; fileRef = B67287AB27FE88EA00CB77B3 /* FactoryLoginViewController.swift */; };
		B67287AE27FE8A4200CB77B3 /* LoginViewModel.swift in Sources */ = {isa = PBXBuildFile; fileRef = B67287AD27FE8A4200CB77B3 /* LoginViewModel.swift */; };
		B67287B027FE8C9800CB77B3 /* MathOperations.swift in Sources */ = {isa = PBXBuildFile; fileRef = B67287AF27FE8C9800CB77B3 /* MathOperations.swift */; };
/* End PBXBuildFile section */

/* Begin PBXFileReference section */
		B660C28727FE7D4A00F1CBE7 /* designPatterns.app */ = {isa = PBXFileReference; explicitFileType = wrapper.application; includeInIndex = 0; path = designPatterns.app; sourceTree = BUILT_PRODUCTS_DIR; };
		B660C28A27FE7D4A00F1CBE7 /* AppDelegate.swift */ = {isa = PBXFileReference; lastKnownFileType = sourcecode.swift; path = AppDelegate.swift; sourceTree = "<group>"; };
		B660C28C27FE7D4A00F1CBE7 /* SceneDelegate.swift */ = {isa = PBXFileReference; lastKnownFileType = sourcecode.swift; path = SceneDelegate.swift; sourceTree = "<group>"; };
		B660C28E27FE7D4A00F1CBE7 /* ViewController.swift */ = {isa = PBXFileReference; lastKnownFileType = sourcecode.swift; path = ViewController.swift; sourceTree = "<group>"; };
		B660C29127FE7D4A00F1CBE7 /* Base */ = {isa = PBXFileReference; lastKnownFileType = file.storyboard; name = Base; path = Base.lproj/Main.storyboard; sourceTree = "<group>"; };
		B660C29327FE7D4B00F1CBE7 /* Assets.xcassets */ = {isa = PBXFileReference; lastKnownFileType = folder.assetcatalog; path = Assets.xcassets; sourceTree = "<group>"; };
		B660C29627FE7D4B00F1CBE7 /* Base */ = {isa = PBXFileReference; lastKnownFileType = file.storyboard; name = Base; path = Base.lproj/LaunchScreen.storyboard; sourceTree = "<group>"; };
		B660C29827FE7D4B00F1CBE7 /* Info.plist */ = {isa = PBXFileReference; lastKnownFileType = text.plist.xml; path = Info.plist; sourceTree = "<group>"; };
		B660C29F27FE7DA000F1CBE7 /* ExampleTableViewController.swift */ = {isa = PBXFileReference; lastKnownFileType = sourcecode.swift; path = ExampleTableViewController.swift; sourceTree = "<group>"; };
		B660C2A027FE7DA000F1CBE7 /* ExampleTableViewController.xib */ = {isa = PBXFileReference; lastKnownFileType = file.xib; path = ExampleTableViewController.xib; sourceTree = "<group>"; };
		B660C2A327FE7DB300F1CBE7 /* ButtonTableViewCell.swift */ = {isa = PBXFileReference; lastKnownFileType = sourcecode.swift; path = ButtonTableViewCell.swift; sourceTree = "<group>"; };
		B660C2A427FE7DB300F1CBE7 /* ButtonTableViewCell.xib */ = {isa = PBXFileReference; lastKnownFileType = file.xib; path = ButtonTableViewCell.xib; sourceTree = "<group>"; };
		B660C2A827FE7FEB00F1CBE7 /* ViewModel.swift */ = {isa = PBXFileReference; lastKnownFileType = sourcecode.swift; path = ViewModel.swift; sourceTree = "<group>"; };
		B67287A427FE854B00CB77B3 /* CoordinatorViewController.swift */ = {isa = PBXFileReference; lastKnownFileType = sourcecode.swift; path = CoordinatorViewController.swift; sourceTree = "<group>"; };
		B67287A727FE85E900CB77B3 /* LoginViewController.swift */ = {isa = PBXFileReference; lastKnownFileType = sourcecode.swift; path = LoginViewController.swift; sourceTree = "<group>"; };
		B67287AB27FE88EA00CB77B3 /* FactoryLoginViewController.swift */ = {isa = PBXFileReference; lastKnownFileType = sourcecode.swift; path = FactoryLoginViewController.swift; sourceTree = "<group>"; };
		B67287AD27FE8A4200CB77B3 /* LoginViewModel.swift */ = {isa = PBXFileReference; lastKnownFileType = sourcecode.swift; path = LoginViewModel.swift; sourceTree = "<group>"; };
		B67287AF27FE8C9800CB77B3 /* MathOperations.swift */ = {isa = PBXFileReference; lastKnownFileType = sourcecode.swift; path = MathOperations.swift; sourceTree = "<group>"; };
/* End PBXFileReference section */

/* Begin PBXFrameworksBuildPhase section */
		B660C28427FE7D4A00F1CBE7 /* Frameworks */ = {
			isa = PBXFrameworksBuildPhase;
			buildActionMask = 2147483647;
			files = (
			);
			runOnlyForDeploymentPostprocessing = 0;
		};
/* End PBXFrameworksBuildPhase section */

/* Begin PBXGroup section */
		B660C27E27FE7D4A00F1CBE7 = {
			isa = PBXGroup;
			children = (
				B660C28927FE7D4A00F1CBE7 /* designPatterns */,
				B660C28827FE7D4A00F1CBE7 /* Products */,
			);
			sourceTree = "<group>";
		};
		B660C28827FE7D4A00F1CBE7 /* Products */ = {
			isa = PBXGroup;
			children = (
				B660C28727FE7D4A00F1CBE7 /* designPatterns.app */,
			);
			name = Products;
			sourceTree = "<group>";
		};
		B660C28927FE7D4A00F1CBE7 /* designPatterns */ = {
			isa = PBXGroup;
			children = (
				B67287A627FE85DC00CB77B3 /* Login */,
				B660C2A727FE7F9600F1CBE7 /* InitialViewController */,
				B660C29E27FE7D7A00F1CBE7 /* TableView */,
				B660C28A27FE7D4A00F1CBE7 /* AppDelegate.swift */,
				B660C28C27FE7D4A00F1CBE7 /* SceneDelegate.swift */,
				B660C29027FE7D4A00F1CBE7 /* Main.storyboard */,
				B660C29327FE7D4B00F1CBE7 /* Assets.xcassets */,
				B660C29527FE7D4B00F1CBE7 /* LaunchScreen.storyboard */,
				B660C29827FE7D4B00F1CBE7 /* Info.plist */,
				B67287AF27FE8C9800CB77B3 /* MathOperations.swift */,
			);
			path = designPatterns;
			sourceTree = "<group>";
		};
		B660C29E27FE7D7A00F1CBE7 /* TableView */ = {
			isa = PBXGroup;
			children = (
				B660C29F27FE7DA000F1CBE7 /* ExampleTableViewController.swift */,
				B660C2A027FE7DA000F1CBE7 /* ExampleTableViewController.xib */,
				B660C2A327FE7DB300F1CBE7 /* ButtonTableViewCell.swift */,
				B660C2A427FE7DB300F1CBE7 /* ButtonTableViewCell.xib */,
			);
			path = TableView;
			sourceTree = "<group>";
		};
		B660C2A727FE7F9600F1CBE7 /* InitialViewController */ = {
			isa = PBXGroup;
			children = (
				B660C28E27FE7D4A00F1CBE7 /* ViewController.swift */,
				B67287A427FE854B00CB77B3 /* CoordinatorViewController.swift */,
				B660C2A827FE7FEB00F1CBE7 /* ViewModel.swift */,
			);
			path = InitialViewController;
			sourceTree = "<group>";
		};
		B67287A627FE85DC00CB77B3 /* Login */ = {
			isa = PBXGroup;
			children = (
				B67287A727FE85E900CB77B3 /* LoginViewController.swift */,
				B67287AB27FE88EA00CB77B3 /* FactoryLoginViewController.swift */,
				B67287AD27FE8A4200CB77B3 /* LoginViewModel.swift */,
			);
			path = Login;
			sourceTree = "<group>";
		};
/* End PBXGroup section */

/* Begin PBXNativeTarget section */
		B660C28627FE7D4A00F1CBE7 /* designPatterns */ = {
			isa = PBXNativeTarget;
			buildConfigurationList = B660C29B27FE7D4B00F1CBE7 /* Build configuration list for PBXNativeTarget "designPatterns" */;
			buildPhases = (
				B660C28327FE7D4A00F1CBE7 /* Sources */,
				B660C28427FE7D4A00F1CBE7 /* Frameworks */,
				B660C28527FE7D4A00F1CBE7 /* Resources */,
			);
			buildRules = (
			);
			dependencies = (
			);
			name = designPatterns;
			productName = designPatterns;
			productReference = B660C28727FE7D4A00F1CBE7 /* designPatterns.app */;
			productType = "com.apple.product-type.application";
		};
/* End PBXNativeTarget section */

/* Begin PBXProject section */
		B660C27F27FE7D4A00F1CBE7 /* Project object */ = {
			isa = PBXProject;
			attributes = {
				BuildIndependentTargetsInParallel = 1;
				LastSwiftUpdateCheck = 1320;
				LastUpgradeCheck = 1320;
				TargetAttributes = {
					B660C28627FE7D4A00F1CBE7 = {
						CreatedOnToolsVersion = 13.2.1;
					};
				};
			};
			buildConfigurationList = B660C28227FE7D4A00F1CBE7 /* Build configuration list for PBXProject "designPatterns" */;
			compatibilityVersion = "Xcode 13.0";
			developmentRegion = en;
			hasScannedForEncodings = 0;
			knownRegions = (
				en,
				Base,
			);
			mainGroup = B660C27E27FE7D4A00F1CBE7;
			productRefGroup = B660C28827FE7D4A00F1CBE7 /* Products */;
			projectDirPath = "";
			projectRoot = "";
			targets = (
				B660C28627FE7D4A00F1CBE7 /* designPatterns */,
			);
		};
/* End PBXProject section */

/* Begin PBXResourcesBuildPhase section */
		B660C28527FE7D4A00F1CBE7 /* Resources */ = {
			isa = PBXResourcesBuildPhase;
			buildActionMask = 2147483647;
			files = (
				B660C29727FE7D4B00F1CBE7 /* LaunchScreen.storyboard in Resources */,
				B660C29427FE7D4B00F1CBE7 /* Assets.xcassets in Resources */,
				B660C2A627FE7DB300F1CBE7 /* ButtonTableViewCell.xib in Resources */,
				B660C2A227FE7DA000F1CBE7 /* ExampleTableViewController.xib in Resources */,
				B660C29227FE7D4A00F1CBE7 /* Main.storyboard in Resources */,
			);
			runOnlyForDeploymentPostprocessing = 0;
		};
/* End PBXResourcesBuildPhase section */

/* Begin PBXSourcesBuildPhase section */
		B660C28327FE7D4A00F1CBE7 /* Sources */ = {
			isa = PBXSourcesBuildPhase;
			buildActionMask = 2147483647;
			files = (
				B660C2A127FE7DA000F1CBE7 /* ExampleTableViewController.swift in Sources */,
				B660C28F27FE7D4A00F1CBE7 /* ViewController.swift in Sources */,
				B660C2A527FE7DB300F1CBE7 /* ButtonTableViewCell.swift in Sources */,
				B660C28B27FE7D4A00F1CBE7 /* AppDelegate.swift in Sources */,
				B67287A827FE85E900CB77B3 /* LoginViewController.swift in Sources */,
				B660C2A927FE7FEB00F1CBE7 /* ViewModel.swift in Sources */,
				B660C28D27FE7D4A00F1CBE7 /* SceneDelegate.swift in Sources */,
				B67287A527FE854B00CB77B3 /* CoordinatorViewController.swift in Sources */,
				B67287B027FE8C9800CB77B3 /* MathOperations.swift in Sources */,
				B67287AE27FE8A4200CB77B3 /* LoginViewModel.swift in Sources */,
				B67287AC27FE88EA00CB77B3 /* FactoryLoginViewController.swift in Sources */,
			);
			runOnlyForDeploymentPostprocessing = 0;
		};
/* End PBXSourcesBuildPhase section */

/* Begin PBXVariantGroup section */
		B660C29027FE7D4A00F1CBE7 /* Main.storyboard */ = {
			isa = PBXVariantGroup;
			children = (
				B660C29127FE7D4A00F1CBE7 /* Base */,
			);
			name = Main.storyboard;
			sourceTree = "<group>";
		};
		B660C29527FE7D4B00F1CBE7 /* LaunchScreen.storyboard */ = {
			isa = PBXVariantGroup;
			children = (
				B660C29627FE7D4B00F1CBE7 /* Base */,
			);
			name = LaunchScreen.storyboard;
			sourceTree = "<group>";
		};
/* End PBXVariantGroup section */

/* Begin XCBuildConfiguration section */
		B660C29927FE7D4B00F1CBE7 /* Debug */ = {
			isa = XCBuildConfiguration;
			buildSettings = {
				ALWAYS_SEARCH_USER_PATHS = NO;
				CLANG_ANALYZER_NONNULL = YES;
				CLANG_ANALYZER_NUMBER_OBJECT_CONVERSION = YES_AGGRESSIVE;
				CLANG_CXX_LANGUAGE_STANDARD = "gnu++17";
				CLANG_CXX_LIBRARY = "libc++";
				CLANG_ENABLE_MODULES = YES;
				CLANG_ENABLE_OBJC_ARC = YES;
				CLANG_ENABLE_OBJC_WEAK = YES;
				CLANG_WARN_BLOCK_CAPTURE_AUTORELEASING = YES;
				CLANG_WARN_BOOL_CONVERSION = YES;
				CLANG_WARN_COMMA = YES;
				CLANG_WARN_CONSTANT_CONVERSION = YES;
				CLANG_WARN_DEPRECATED_OBJC_IMPLEMENTATIONS = YES;
				CLANG_WARN_DIRECT_OBJC_ISA_USAGE = YES_ERROR;
				CLANG_WARN_DOCUMENTATION_COMMENTS = YES;
				CLANG_WARN_EMPTY_BODY = YES;
				CLANG_WARN_ENUM_CONVERSION = YES;
				CLANG_WARN_INFINITE_RECURSION = YES;
				CLANG_WARN_INT_CONVERSION = YES;
				CLANG_WARN_NON_LITERAL_NULL_CONVERSION = YES;
				CLANG_WARN_OBJC_IMPLICIT_RETAIN_SELF = YES;
				CLANG_WARN_OBJC_LITERAL_CONVERSION = YES;
				CLANG_WARN_OBJC_ROOT_CLASS = YES_ERROR;
				CLANG_WARN_QUOTED_INCLUDE_IN_FRAMEWORK_HEADER = YES;
				CLANG_WARN_RANGE_LOOP_ANALYSIS = YES;
				CLANG_WARN_STRICT_PROTOTYPES = YES;
				CLANG_WARN_SUSPICIOUS_MOVE = YES;
				CLANG_WARN_UNGUARDED_AVAILABILITY = YES_AGGRESSIVE;
				CLANG_WARN_UNREACHABLE_CODE = YES;
				CLANG_WARN__DUPLICATE_METHOD_MATCH = YES;
				COPY_PHASE_STRIP = NO;
				DEBUG_INFORMATION_FORMAT = dwarf;
				ENABLE_STRICT_OBJC_MSGSEND = YES;
				ENABLE_TESTABILITY = YES;
				GCC_C_LANGUAGE_STANDARD = gnu11;
				GCC_DYNAMIC_NO_PIC = NO;
				GCC_NO_COMMON_BLOCKS = YES;
				GCC_OPTIMIZATION_LEVEL = 0;
				GCC_PREPROCESSOR_DEFINITIONS = (
					"DEBUG=1",
					"$(inherited)",
				);
				GCC_WARN_64_TO_32_BIT_CONVERSION = YES;
				GCC_WARN_ABOUT_RETURN_TYPE = YES_ERROR;
				GCC_WARN_UNDECLARED_SELECTOR = YES;
				GCC_WARN_UNINITIALIZED_AUTOS = YES_AGGRESSIVE;
				GCC_WARN_UNUSED_FUNCTION = YES;
				GCC_WARN_UNUSED_VARIABLE = YES;
				IPHONEOS_DEPLOYMENT_TARGET = 15.2;
				MTL_ENABLE_DEBUG_INFO = INCLUDE_SOURCE;
				MTL_FAST_MATH = YES;
				ONLY_ACTIVE_ARCH = YES;
				SDKROOT = iphoneos;
				SWIFT_ACTIVE_COMPILATION_CONDITIONS = DEBUG;
				SWIFT_OPTIMIZATION_LEVEL = "-Onone";
			};
			name = Debug;
		};
		B660C29A27FE7D4B00F1CBE7 /* Release */ = {
			isa = XCBuildConfiguration;
			buildSettings = {
				ALWAYS_SEARCH_USER_PATHS = NO;
				CLANG_ANALYZER_NONNULL = YES;
				CLANG_ANALYZER_NUMBER_OBJECT_CONVERSION = YES_AGGRESSIVE;
				CLANG_CXX_LANGUAGE_STANDARD = "gnu++17";
				CLANG_CXX_LIBRARY = "libc++";
				CLANG_ENABLE_MODULES = YES;
				CLANG_ENABLE_OBJC_ARC = YES;
				CLANG_ENABLE_OBJC_WEAK = YES;
				CLANG_WARN_BLOCK_CAPTURE_AUTORELEASING = YES;
				CLANG_WARN_BOOL_CONVERSION = YES;
				CLANG_WARN_COMMA = YES;
				CLANG_WARN_CONSTANT_CONVERSION = YES;
				CLANG_WARN_DEPRECATED_OBJC_IMPLEMENTATIONS = YES;
				CLANG_WARN_DIRECT_OBJC_ISA_USAGE = YES_ERROR;
				CLANG_WARN_DOCUMENTATION_COMMENTS = YES;
				CLANG_WARN_EMPTY_BODY = YES;
				CLANG_WARN_ENUM_CONVERSION = YES;
				CLANG_WARN_INFINITE_RECURSION = YES;
				CLANG_WARN_INT_CONVERSION = YES;
				CLANG_WARN_NON_LITERAL_NULL_CONVERSION = YES;
				CLANG_WARN_OBJC_IMPLICIT_RETAIN_SELF = YES;
				CLANG_WARN_OBJC_LITERAL_CONVERSION = YES;
				CLANG_WARN_OBJC_ROOT_CLASS = YES_ERROR;
				CLANG_WARN_QUOTED_INCLUDE_IN_FRAMEWORK_HEADER = YES;
				CLANG_WARN_RANGE_LOOP_ANALYSIS = YES;
				CLANG_WARN_STRICT_PROTOTYPES = YES;
				CLANG_WARN_SUSPICIOUS_MOVE = YES;
				CLANG_WARN_UNGUARDED_AVAILABILITY = YES_AGGRESSIVE;
				CLANG_WARN_UNREACHABLE_CODE = YES;
				CLANG_WARN__DUPLICATE_METHOD_MATCH = YES;
				COPY_PHASE_STRIP = NO;
				DEBUG_INFORMATION_FORMAT = "dwarf-with-dsym";
				ENABLE_NS_ASSERTIONS = NO;
				ENABLE_STRICT_OBJC_MSGSEND = YES;
				GCC_C_LANGUAGE_STANDARD = gnu11;
				GCC_NO_COMMON_BLOCKS = YES;
				GCC_WARN_64_TO_32_BIT_CONVERSION = YES;
				GCC_WARN_ABOUT_RETURN_TYPE = YES_ERROR;
				GCC_WARN_UNDECLARED_SELECTOR = YES;
				GCC_WARN_UNINITIALIZED_AUTOS = YES_AGGRESSIVE;
				GCC_WARN_UNUSED_FUNCTION = YES;
				GCC_WARN_UNUSED_VARIABLE = YES;
				IPHONEOS_DEPLOYMENT_TARGET = 15.2;
				MTL_ENABLE_DEBUG_INFO = NO;
				MTL_FAST_MATH = YES;
				SDKROOT = iphoneos;
				SWIFT_COMPILATION_MODE = wholemodule;
				SWIFT_OPTIMIZATION_LEVEL = "-O";
				VALIDATE_PRODUCT = YES;
			};
			name = Release;
		};
		B660C29C27FE7D4B00F1CBE7 /* Debug */ = {
			isa = XCBuildConfiguration;
			buildSettings = {
				ASSETCATALOG_COMPILER_APPICON_NAME = AppIcon;
				ASSETCATALOG_COMPILER_GLOBAL_ACCENT_COLOR_NAME = AccentColor;
				CODE_SIGN_STYLE = Automatic;
				CURRENT_PROJECT_VERSION = 1;
				GENERATE_INFOPLIST_FILE = YES;
				INFOPLIST_FILE = designPatterns/Info.plist;
				INFOPLIST_KEY_UIApplicationSupportsIndirectInputEvents = YES;
				INFOPLIST_KEY_UILaunchStoryboardName = LaunchScreen;
				INFOPLIST_KEY_UIMainStoryboardFile = Main;
				INFOPLIST_KEY_UISupportedInterfaceOrientations_iPad = "UIInterfaceOrientationPortrait UIInterfaceOrientationPortraitUpsideDown UIInterfaceOrientationLandscapeLeft UIInterfaceOrientationLandscapeRight";
				INFOPLIST_KEY_UISupportedInterfaceOrientations_iPhone = "UIInterfaceOrientationPortrait UIInterfaceOrientationLandscapeLeft UIInterfaceOrientationLandscapeRight";
				LD_RUNPATH_SEARCH_PATHS = (
					"$(inherited)",
					"@executable_path/Frameworks",
				);
				MARKETING_VERSION = 1.0;
				PRODUCT_BUNDLE_IDENTIFIER = com.andres.designPatterns;
				PRODUCT_NAME = "$(TARGET_NAME)";
				SWIFT_EMIT_LOC_STRINGS = YES;
				SWIFT_VERSION = 5.0;
				TARGETED_DEVICE_FAMILY = "1,2";
			};
			name = Debug;
		};
		B660C29D27FE7D4B00F1CBE7 /* Release */ = {
			isa = XCBuildConfiguration;
			buildSettings = {
				ASSETCATALOG_COMPILER_APPICON_NAME = AppIcon;
				ASSETCATALOG_COMPILER_GLOBAL_ACCENT_COLOR_NAME = AccentColor;
				CODE_SIGN_STYLE = Automatic;
				CURRENT_PROJECT_VERSION = 1;
				GENERATE_INFOPLIST_FILE = YES;
				INFOPLIST_FILE = designPatterns/Info.plist;
				INFOPLIST_KEY_UIApplicationSupportsIndirectInputEvents = YES;
				INFOPLIST_KEY_UILaunchStoryboardName = LaunchScreen;
				INFOPLIST_KEY_UIMainStoryboardFile = Main;
				INFOPLIST_KEY_UISupportedInterfaceOrientations_iPad = "UIInterfaceOrientationPortrait UIInterfaceOrientationPortraitUpsideDown UIInterfaceOrientationLandscapeLeft UIInterfaceOrientationLandscapeRight";
				INFOPLIST_KEY_UISupportedInterfaceOrientations_iPhone = "UIInterfaceOrientationPortrait UIInterfaceOrientationLandscapeLeft UIInterfaceOrientationLandscapeRight";
				LD_RUNPATH_SEARCH_PATHS = (
					"$(inherited)",
					"@executable_path/Frameworks",
				);
				MARKETING_VERSION = 1.0;
				PRODUCT_BUNDLE_IDENTIFIER = com.andres.designPatterns;
				PRODUCT_NAME = "$(TARGET_NAME)";
				SWIFT_EMIT_LOC_STRINGS = YES;
				SWIFT_VERSION = 5.0;
				TARGETED_DEVICE_FAMILY = "1,2";
			};
			name = Release;
		};
/* End XCBuildConfiguration section */

/* Begin XCConfigurationList section */
		B660C28227FE7D4A00F1CBE7 /* Build configuration list for PBXProject "designPatterns" */ = {
			isa = XCConfigurationList;
			buildConfigurations = (
				B660C29927FE7D4B00F1CBE7 /* Debug */,
				B660C29A27FE7D4B00F1CBE7 /* Release */,
			);
			defaultConfigurationIsVisible = 0;
			defaultConfigurationName = Release;
		};
		B660C29B27FE7D4B00F1CBE7 /* Build configuration list for PBXNativeTarget "designPatterns" */ = {
			isa = XCConfigurationList;
			buildConfigurations = (
				B660C29C27FE7D4B00F1CBE7 /* Debug */,
				B660C29D27FE7D4B00F1CBE7 /* Release */,
			);
			defaultConfigurationIsVisible = 0;
			defaultConfigurationName = Release;
		};
/* End XCConfigurationList section */
	};
	rootObject = B660C27F27FE7D4A00F1CBE7 /* Project object */;
}
